
Microsoft Visual Studio Solution File, Format Version 12.00
# Visual Studio Version 17
VisualStudioVersion = 17.6.33815.320
MinimumVisualStudioVersion = 10.0.40219.1
Project("{9A19103F-16F7-4668-BE54-9A1E7A4F7556}") = "GestionGym", "GestionGym.csproj", "{2647CD6A-9333-4DD1-B89D-7C87CDD135DD}"
EndProject
Global
	GlobalSection(SolutionConfigurationPlatforms) = preSolution
		Debug|Any CPU = Debug|Any CPU
		Release|Any CPU = Release|Any CPU
	EndGlobalSection
	GlobalSection(ProjectConfigurationPlatforms) = postSolution
		{2647CD6A-9333-4DD1-B89D-7C87CDD135DD}.Debug|Any CPU.ActiveCfg = Debug|Any CPU
		{2647CD6A-9333-4DD1-B89D-7C87CDD135DD}.Debug|Any CPU.Build.0 = Debug|Any CPU
		{2647CD6A-9333-4DD1-B89D-7C87CDD135DD}.Release|Any CPU.ActiveCfg = Release|Any CPU
		{2647CD6A-9333-4DD1-B89D-7C87CDD135DD}.Release|Any CPU.Build.0 = Release|Any CPU
	EndGlobalSection
	GlobalSection(SolutionProperties) = preSolution
		HideSolutionNode = FALSE
	EndGlobalSection
	GlobalSection(ExtensibilityGlobals) = postSolution
		SolutionGuid = {27247D88-8F92-4C1D-AC5B-30EB63A97270}
	EndGlobalSection
EndGlobal
